
Microsoft Visual Studio Solution File, Format Version 12.00
# Visual Studio 15
VisualStudioVersion = 15.0.28307.421
MinimumVisualStudioVersion = 10.0.40219.1
Project("{FAE04EC0-301F-11D3-BF4B-00C04F79EFBC}") = "Mhrs.UI.WinForm", "Mhrs.UI.WinForm\Mhrs.UI.WinForm.csproj", "{21779F84-2699-4292-AC8A-8E21D720DA4D}"
EndProject
Project("{FAE04EC0-301F-11D3-BF4B-00C04F79EFBC}") = "Mhrs.DAL", "Mhrs.DAL\Mhrs.DAL.csproj", "{4827AB8C-82E3-4F48-8990-0CE37F36CEF8}"
EndProject
Project("{FAE04EC0-301F-11D3-BF4B-00C04F79EFBC}") = "Mhrs.Entities", "Mhrs.Entities\Mhrs.Entities.csproj", "{C6B378ED-702F-411C-BE7C-DB258E373EDE}"
EndProject
Project("{FAE04EC0-301F-11D3-BF4B-00C04F79EFBC}") = "Mhrs.BLL", "Mhrs.BLL\Mhrs.BLL.csproj", "{F7E511CC-D0E6-477E-9657-4E45052F11E6}"
EndProject
Project("{FAE04EC0-301F-11D3-BF4B-00C04F79EFBC}") = "Mhrs.DTO", "Mhrs.DTO\Mhrs.DTO.csproj", "{8AF723B5-BC32-4EFE-B6B8-B7F5315D58A7}"
EndProject
Global
	GlobalSection(SolutionConfigurationPlatforms) = preSolution
		Debug|Any CPU = Debug|Any CPU
		Release|Any CPU = Release|Any CPU
	EndGlobalSection
	GlobalSection(ProjectConfigurationPlatforms) = postSolution
		{21779F84-2699-4292-AC8A-8E21D720DA4D}.Debug|Any CPU.ActiveCfg = Debug|Any CPU
		{21779F84-2699-4292-AC8A-8E21D720DA4D}.Debug|Any CPU.Build.0 = Debug|Any CPU
		{21779F84-2699-4292-AC8A-8E21D720DA4D}.Release|Any CPU.ActiveCfg = Release|Any CPU
		{21779F84-2699-4292-AC8A-8E21D720DA4D}.Release|Any CPU.Build.0 = Release|Any CPU
		{4827AB8C-82E3-4F48-8990-0CE37F36CEF8}.Debug|Any CPU.ActiveCfg = Debug|Any CPU
		{4827AB8C-82E3-4F48-8990-0CE37F36CEF8}.Debug|Any CPU.Build.0 = Debug|Any CPU
		{4827AB8C-82E3-4F48-8990-0CE37F36CEF8}.Release|Any CPU.ActiveCfg = Release|Any CPU
		{4827AB8C-82E3-4F48-8990-0CE37F36CEF8}.Release|Any CPU.Build.0 = Release|Any CPU
		{C6B378ED-702F-411C-BE7C-DB258E373EDE}.Debug|Any CPU.ActiveCfg = Debug|Any CPU
		{C6B378ED-702F-411C-BE7C-DB258E373EDE}.Debug|Any CPU.Build.0 = Debug|Any CPU
		{C6B378ED-702F-411C-BE7C-DB258E373EDE}.Release|Any CPU.ActiveCfg = Release|Any CPU
		{C6B378ED-702F-411C-BE7C-DB258E373EDE}.Release|Any CPU.Build.0 = Release|Any CPU
		{F7E511CC-D0E6-477E-9657-4E45052F11E6}.Debug|Any CPU.ActiveCfg = Debug|Any CPU
		{F7E511CC-D0E6-477E-9657-4E45052F11E6}.Debug|Any CPU.Build.0 = Debug|Any CPU
		{F7E511CC-D0E6-477E-9657-4E45052F11E6}.Release|Any CPU.ActiveCfg = Release|Any CPU
		{F7E511CC-D0E6-477E-9657-4E45052F11E6}.Release|Any CPU.Build.0 = Release|Any CPU
		{8AF723B5-BC32-4EFE-B6B8-B7F5315D58A7}.Debug|Any CPU.ActiveCfg = Debug|Any CPU
		{8AF723B5-BC32-4EFE-B6B8-B7F5315D58A7}.Debug|Any CPU.Build.0 = Debug|Any CPU
		{8AF723B5-BC32-4EFE-B6B8-B7F5315D58A7}.Release|Any CPU.ActiveCfg = Release|Any CPU
		{8AF723B5-BC32-4EFE-B6B8-B7F5315D58A7}.Release|Any CPU.Build.0 = Release|Any CPU
	EndGlobalSection
	GlobalSection(SolutionProperties) = preSolution
		HideSolutionNode = FALSE
	EndGlobalSection
	GlobalSection(ExtensibilityGlobals) = postSolution
		SolutionGuid = {B433B223-4779-4EAE-8969-487EF93D867A}
	EndGlobalSection
EndGlobal
